
Microsoft Visual Studio Solution File, Format Version 12.00
# Visual Studio 14
VisualStudioVersion = 14.0.22310.1
MinimumVisualStudioVersion = 10.0.40219.1
Project("{FAE04EC0-301F-11D3-BF4B-00C04F79EFBC}") = "Biggy.Core", "src\Biggy.Core\Biggy.Core.csproj", "{539CDF13-4CD2-41C2-9284-A7020A2563D4}"
EndProject
Project("{FAE04EC0-301F-11D3-BF4B-00C04F79EFBC}") = "Tests", "Tests\Tests.csproj", "{B0BBD31B-49BC-42C5-806F-2D8B5F32C131}"
	ProjectSection(ProjectDependencies) = postProject
		{1ADC5E03-B5B8-4B59-A8DF-1F1A85E63558} = {1ADC5E03-B5B8-4B59-A8DF-1F1A85E63558}
		{E293E04A-2B12-4E31-93EC-62FF14FA2306} = {E293E04A-2B12-4E31-93EC-62FF14FA2306}
		{44FC2E62-4266-4054-B9C4-6E5546DA6352} = {44FC2E62-4266-4054-B9C4-6E5546DA6352}
	EndProjectSection
EndProject
Project("{FAE04EC0-301F-11D3-BF4B-00C04F79EFBC}") = "Demo", "Demo\Demo.csproj", "{732A2AD1-8BBB-47A9-A211-98AF4AD966B7}"
EndProject
Project("{FAE04EC0-301F-11D3-BF4B-00C04F79EFBC}") = "Biggy.Data.Sqlite", "src\Biggy.Data.Sqlite\Biggy.Data.Sqlite.csproj", "{1ADC5E03-B5B8-4B59-A8DF-1F1A85E63558}"
EndProject
Project("{FAE04EC0-301F-11D3-BF4B-00C04F79EFBC}") = "Biggy.Data.Postgres", "src\Biggy.Data.Postgres\Biggy.Data.Postgres.csproj", "{44FC2E62-4266-4054-B9C4-6E5546DA6352}"
EndProject
Project("{FAE04EC0-301F-11D3-BF4B-00C04F79EFBC}") = "Biggy.Data.Json", "src\Biggy.Data.Json\Biggy.Data.Json.csproj", "{E293E04A-2B12-4E31-93EC-62FF14FA2306}"
EndProject
Project("{2150E333-8FDC-42A3-9474-1A3956D46DE8}") = ".nuget", ".nuget", "{9F501116-746D-4A9C-9BCE-3CB25073E52E}"
	ProjectSection(SolutionItems) = preProject
		.nuget\packages.config = .nuget\packages.config
	EndProjectSection
EndProject
Project("{FAE04EC0-301F-11D3-BF4B-00C04F79EFBC}") = "Biggy.Data.Azure", "src\Biggy.Data.Azure\Biggy.Data.Azure.csproj", "{B46196BD-2F6D-470C-BA51-6E5B3839419B}"
EndProject
Project("{2150E333-8FDC-42A3-9474-1A3956D46DE8}") = "Nuget", "Nuget", "{E330A0DF-35CF-4CA3-8585-5D9C7D60B0F9}"
EndProject
Global
	GlobalSection(SolutionConfigurationPlatforms) = preSolution
		Debug|Any CPU = Debug|Any CPU
		Debug|x86 = Debug|x86
		Release|Any CPU = Release|Any CPU
		Release|x86 = Release|x86
	EndGlobalSection
	GlobalSection(ProjectConfigurationPlatforms) = postSolution
		{539CDF13-4CD2-41C2-9284-A7020A2563D4}.Debug|Any CPU.ActiveCfg = Debug|Any CPU
		{539CDF13-4CD2-41C2-9284-A7020A2563D4}.Debug|Any CPU.Build.0 = Debug|Any CPU
		{539CDF13-4CD2-41C2-9284-A7020A2563D4}.Debug|x86.ActiveCfg = Debug|Any CPU
		{539CDF13-4CD2-41C2-9284-A7020A2563D4}.Release|Any CPU.ActiveCfg = Release|Any CPU
		{539CDF13-4CD2-41C2-9284-A7020A2563D4}.Release|Any CPU.Build.0 = Release|Any CPU
		{539CDF13-4CD2-41C2-9284-A7020A2563D4}.Release|x86.ActiveCfg = Release|Any CPU
		{B0BBD31B-49BC-42C5-806F-2D8B5F32C131}.Debug|Any CPU.ActiveCfg = Debug|Any CPU
		{B0BBD31B-49BC-42C5-806F-2D8B5F32C131}.Debug|Any CPU.Build.0 = Debug|Any CPU
		{B0BBD31B-49BC-42C5-806F-2D8B5F32C131}.Debug|x86.ActiveCfg = Debug|Any CPU
		{B0BBD31B-49BC-42C5-806F-2D8B5F32C131}.Release|Any CPU.ActiveCfg = Release|Any CPU
		{B0BBD31B-49BC-42C5-806F-2D8B5F32C131}.Release|Any CPU.Build.0 = Release|Any CPU
		{B0BBD31B-49BC-42C5-806F-2D8B5F32C131}.Release|x86.ActiveCfg = Release|Any CPU
		{732A2AD1-8BBB-47A9-A211-98AF4AD966B7}.Debug|Any CPU.ActiveCfg = Debug|Any CPU
		{732A2AD1-8BBB-47A9-A211-98AF4AD966B7}.Debug|Any CPU.Build.0 = Debug|Any CPU
		{732A2AD1-8BBB-47A9-A211-98AF4AD966B7}.Debug|x86.ActiveCfg = Debug|Any CPU
		{732A2AD1-8BBB-47A9-A211-98AF4AD966B7}.Release|Any CPU.ActiveCfg = Release|Any CPU
		{732A2AD1-8BBB-47A9-A211-98AF4AD966B7}.Release|Any CPU.Build.0 = Release|Any CPU
		{732A2AD1-8BBB-47A9-A211-98AF4AD966B7}.Release|x86.ActiveCfg = Release|Any CPU
		{1ADC5E03-B5B8-4B59-A8DF-1F1A85E63558}.Debug|Any CPU.ActiveCfg = Debug|Any CPU
		{1ADC5E03-B5B8-4B59-A8DF-1F1A85E63558}.Debug|Any CPU.Build.0 = Debug|Any CPU
		{1ADC5E03-B5B8-4B59-A8DF-1F1A85E63558}.Debug|x86.ActiveCfg = Debug|Any CPU
		{1ADC5E03-B5B8-4B59-A8DF-1F1A85E63558}.Debug|x86.Build.0 = Debug|Any CPU
		{1ADC5E03-B5B8-4B59-A8DF-1F1A85E63558}.Release|Any CPU.ActiveCfg = Release|Any CPU
		{1ADC5E03-B5B8-4B59-A8DF-1F1A85E63558}.Release|Any CPU.Build.0 = Release|Any CPU
		{1ADC5E03-B5B8-4B59-A8DF-1F1A85E63558}.Release|x86.ActiveCfg = Release|Any CPU
		{1ADC5E03-B5B8-4B59-A8DF-1F1A85E63558}.Release|x86.Build.0 = Release|Any CPU
		{44FC2E62-4266-4054-B9C4-6E5546DA6352}.Debug|Any CPU.ActiveCfg = Debug|Any CPU
		{44FC2E62-4266-4054-B9C4-6E5546DA6352}.Debug|Any CPU.Build.0 = Debug|Any CPU
		{44FC2E62-4266-4054-B9C4-6E5546DA6352}.Debug|x86.ActiveCfg = Debug|Any CPU
		{44FC2E62-4266-4054-B9C4-6E5546DA6352}.Debug|x86.Build.0 = Debug|Any CPU
		{44FC2E62-4266-4054-B9C4-6E5546DA6352}.Release|Any CPU.ActiveCfg = Release|Any CPU
		{44FC2E62-4266-4054-B9C4-6E5546DA6352}.Release|Any CPU.Build.0 = Release|Any CPU
		{44FC2E62-4266-4054-B9C4-6E5546DA6352}.Release|x86.ActiveCfg = Release|Any CPU
		{44FC2E62-4266-4054-B9C4-6E5546DA6352}.Release|x86.Build.0 = Release|Any CPU
		{E293E04A-2B12-4E31-93EC-62FF14FA2306}.Debug|Any CPU.ActiveCfg = Debug|Any CPU
		{E293E04A-2B12-4E31-93EC-62FF14FA2306}.Debug|Any CPU.Build.0 = Debug|Any CPU
		{E293E04A-2B12-4E31-93EC-62FF14FA2306}.Debug|x86.ActiveCfg = Debug|Any CPU
		{E293E04A-2B12-4E31-93EC-62FF14FA2306}.Debug|x86.Build.0 = Debug|Any CPU
		{E293E04A-2B12-4E31-93EC-62FF14FA2306}.Release|Any CPU.ActiveCfg = Release|Any CPU
		{E293E04A-2B12-4E31-93EC-62FF14FA2306}.Release|Any CPU.Build.0 = Release|Any CPU
		{E293E04A-2B12-4E31-93EC-62FF14FA2306}.Release|x86.ActiveCfg = Release|Any CPU
		{E293E04A-2B12-4E31-93EC-62FF14FA2306}.Release|x86.Build.0 = Release|Any CPU
		{B46196BD-2F6D-470C-BA51-6E5B3839419B}.Debug|Any CPU.ActiveCfg = Debug|Any CPU
		{B46196BD-2F6D-470C-BA51-6E5B3839419B}.Debug|Any CPU.Build.0 = Debug|Any CPU
		{B46196BD-2F6D-470C-BA51-6E5B3839419B}.Debug|x86.ActiveCfg = Debug|Any CPU
		{B46196BD-2F6D-470C-BA51-6E5B3839419B}.Debug|x86.Build.0 = Debug|Any CPU
		{B46196BD-2F6D-470C-BA51-6E5B3839419B}.Release|Any CPU.ActiveCfg = Release|Any CPU
		{B46196BD-2F6D-470C-BA51-6E5B3839419B}.Release|Any CPU.Build.0 = Release|Any CPU
		{B46196BD-2F6D-470C-BA51-6E5B3839419B}.Release|x86.ActiveCfg = Release|Any CPU
		{B46196BD-2F6D-470C-BA51-6E5B3839419B}.Release|x86.Build.0 = Release|Any CPU
	EndGlobalSection
	GlobalSection(SolutionProperties) = preSolution
		HideSolutionNode = FALSE
	EndGlobalSection
	GlobalSection(MonoDevelopProperties) = preSolution
		StartupItem = Demo\Demo.csproj
		Policies = $0
		$0.TextStylePolicy = $1
		$1.FileWidth = 120
		$1.TabWidth = 2
		$1.IndentWidth = 2
		$1.inheritsSet = VisualStudio
		$1.inheritsScope = text/plain
		$1.scope = text/x-csharp
		$0.CSharpFormattingPolicy = $2
		$2.NamespaceBraceStyle = EndOfLine
		$2.ClassBraceStyle = EndOfLine
		$2.InterfaceBraceStyle = EndOfLine
		$2.StructBraceStyle = EndOfLine
		$2.EnumBraceStyle = EndOfLine
		$2.MethodBraceStyle = EndOfLine
		$2.ConstructorBraceStyle = EndOfLine
		$2.DestructorBraceStyle = EndOfLine
		$2.BeforeMethodDeclarationParentheses = False
		$2.AfterDelegateDeclarationParameterComma = True
		$2.inheritsSet = Mono
		$2.inheritsScope = text/x-csharp
		$2.scope = text/x-csharp
	EndGlobalSection
EndGlobal
